
Microsoft Visual Studio Solution File, Format Version 12.00
# Visual Studio Version 16
VisualStudioVersion = 16.0.31624.102
MinimumVisualStudioVersion = 10.0.40219.1
Project("{2150E333-8FDC-42A3-9474-1A3956D46DE8}") = "Lab1", "Lab1", "{AD9EAEB7-F5B9-4D34-8EF0-991F0830A070}"
EndProject
Project("{FAE04EC0-301F-11D3-BF4B-00C04F79EFBC}") = "Lab1", "Lab1\Lab1.csproj", "{8244A911-54FC-4E71-B2BC-9EFDDDC59880}"
EndProject
Project("{FAE04EC0-301F-11D3-BF4B-00C04F79EFBC}") = "Lab1.Objects", "Lab1.Objects\Lab1.Objects.csproj", "{9CD2C6B7-1F96-4FE2-A276-5F1D3EF57FB6}"
EndProject
Project("{2150E333-8FDC-42A3-9474-1A3956D46DE8}") = "Lab2", "Lab2", "{225283A9-1377-4655-AD06-4BBD133ECF81}"
EndProject
Project("{FAE04EC0-301F-11D3-BF4B-00C04F79EFBC}") = "Lab2", "Lab2\Lab2.csproj", "{6D37DC75-52CE-4C08-A3F0-BD71C3D2DBB9}"
EndProject
Project("{FAE04EC0-301F-11D3-BF4B-00C04F79EFBC}") = "Lab2.Phones", "Lab2.Phones\Lab2.Phones.csproj", "{01FCE20A-8547-465D-B3A7-43C1EF56DC46}"
EndProject
Project("{2150E333-8FDC-42A3-9474-1A3956D46DE8}") = "Lab3", "Lab3", "{89C8B8FC-5621-410E-B07A-6622F6A4D645}"
EndProject
Project("{FAE04EC0-301F-11D3-BF4B-00C04F79EFBC}") = "Lab3.Ships", "Lab3.Ships\Lab3.Ships.csproj", "{ECCF5C18-2CE4-42E5-801B-7CAC0E03B24F}"
EndProject
Project("{FAE04EC0-301F-11D3-BF4B-00C04F79EFBC}") = "Lab3", "Lab3\Lab3.csproj", "{509EA21D-9A97-4BE1-8609-1FB76685E7FF}"
EndProject
Global
	GlobalSection(SolutionConfigurationPlatforms) = preSolution
		Debug|Any CPU = Debug|Any CPU
		Release|Any CPU = Release|Any CPU
	EndGlobalSection
	GlobalSection(ProjectConfigurationPlatforms) = postSolution
		{8244A911-54FC-4E71-B2BC-9EFDDDC59880}.Debug|Any CPU.ActiveCfg = Debug|Any CPU
		{8244A911-54FC-4E71-B2BC-9EFDDDC59880}.Debug|Any CPU.Build.0 = Debug|Any CPU
		{8244A911-54FC-4E71-B2BC-9EFDDDC59880}.Release|Any CPU.ActiveCfg = Release|Any CPU
		{8244A911-54FC-4E71-B2BC-9EFDDDC59880}.Release|Any CPU.Build.0 = Release|Any CPU
		{9CD2C6B7-1F96-4FE2-A276-5F1D3EF57FB6}.Debug|Any CPU.ActiveCfg = Debug|Any CPU
		{9CD2C6B7-1F96-4FE2-A276-5F1D3EF57FB6}.Debug|Any CPU.Build.0 = Debug|Any CPU
		{9CD2C6B7-1F96-4FE2-A276-5F1D3EF57FB6}.Release|Any CPU.ActiveCfg = Release|Any CPU
		{9CD2C6B7-1F96-4FE2-A276-5F1D3EF57FB6}.Release|Any CPU.Build.0 = Release|Any CPU
		{6D37DC75-52CE-4C08-A3F0-BD71C3D2DBB9}.Debug|Any CPU.ActiveCfg = Debug|Any CPU
		{6D37DC75-52CE-4C08-A3F0-BD71C3D2DBB9}.Debug|Any CPU.Build.0 = Debug|Any CPU
		{6D37DC75-52CE-4C08-A3F0-BD71C3D2DBB9}.Release|Any CPU.ActiveCfg = Release|Any CPU
		{6D37DC75-52CE-4C08-A3F0-BD71C3D2DBB9}.Release|Any CPU.Build.0 = Release|Any CPU
		{01FCE20A-8547-465D-B3A7-43C1EF56DC46}.Debug|Any CPU.ActiveCfg = Debug|Any CPU
		{01FCE20A-8547-465D-B3A7-43C1EF56DC46}.Debug|Any CPU.Build.0 = Debug|Any CPU
		{01FCE20A-8547-465D-B3A7-43C1EF56DC46}.Release|Any CPU.ActiveCfg = Release|Any CPU
		{01FCE20A-8547-465D-B3A7-43C1EF56DC46}.Release|Any CPU.Build.0 = Release|Any CPU
		{ECCF5C18-2CE4-42E5-801B-7CAC0E03B24F}.Debug|Any CPU.ActiveCfg = Debug|Any CPU
		{ECCF5C18-2CE4-42E5-801B-7CAC0E03B24F}.Debug|Any CPU.Build.0 = Debug|Any CPU
		{ECCF5C18-2CE4-42E5-801B-7CAC0E03B24F}.Release|Any CPU.ActiveCfg = Release|Any CPU
		{ECCF5C18-2CE4-42E5-801B-7CAC0E03B24F}.Release|Any CPU.Build.0 = Release|Any CPU
		{509EA21D-9A97-4BE1-8609-1FB76685E7FF}.Debug|Any CPU.ActiveCfg = Debug|Any CPU
		{509EA21D-9A97-4BE1-8609-1FB76685E7FF}.Debug|Any CPU.Build.0 = Debug|Any CPU
		{509EA21D-9A97-4BE1-8609-1FB76685E7FF}.Release|Any CPU.ActiveCfg = Release|Any CPU
		{509EA21D-9A97-4BE1-8609-1FB76685E7FF}.Release|Any CPU.Build.0 = Release|Any CPU
	EndGlobalSection
	GlobalSection(SolutionProperties) = preSolution
		HideSolutionNode = FALSE
	EndGlobalSection
	GlobalSection(NestedProjects) = preSolution
		{8244A911-54FC-4E71-B2BC-9EFDDDC59880} = {AD9EAEB7-F5B9-4D34-8EF0-991F0830A070}
		{9CD2C6B7-1F96-4FE2-A276-5F1D3EF57FB6} = {AD9EAEB7-F5B9-4D34-8EF0-991F0830A070}
		{6D37DC75-52CE-4C08-A3F0-BD71C3D2DBB9} = {225283A9-1377-4655-AD06-4BBD133ECF81}
		{01FCE20A-8547-465D-B3A7-43C1EF56DC46} = {225283A9-1377-4655-AD06-4BBD133ECF81}
		{ECCF5C18-2CE4-42E5-801B-7CAC0E03B24F} = {89C8B8FC-5621-410E-B07A-6622F6A4D645}
		{509EA21D-9A97-4BE1-8609-1FB76685E7FF} = {89C8B8FC-5621-410E-B07A-6622F6A4D645}
	EndGlobalSection
	GlobalSection(ExtensibilityGlobals) = postSolution
		SolutionGuid = {49A775D6-C7D4-4CD5-9472-81CAD144ADDD}
	EndGlobalSection
EndGlobal
